
Microsoft Visual Studio Solution File, Format Version 12.00
# Visual Studio Version 17
VisualStudioVersion = 17.12.35309.182
MinimumVisualStudioVersion = 10.0.40219.1
Project("{FAE04EC0-301F-11D3-BF4B-00C04F79EFBC}") = "WordLearningAPI", "WordLearningAPI\WordLearningAPI.csproj", "{2B060776-897A-491E-B328-5578B625C796}"
EndProject
Global
	GlobalSection(SolutionConfigurationPlatforms) = preSolution
		Debug|Any CPU = Debug|Any CPU
		Release|Any CPU = Release|Any CPU
	EndGlobalSection
	GlobalSection(ProjectConfigurationPlatforms) = postSolution
		{2B060776-897A-491E-B328-5578B625C796}.Debug|Any CPU.ActiveCfg = Debug|Any CPU
		{2B060776-897A-491E-B328-5578B625C796}.Debug|Any CPU.Build.0 = Debug|Any CPU
		{2B060776-897A-491E-B328-5578B625C796}.Release|Any CPU.ActiveCfg = Release|Any CPU
		{2B060776-897A-491E-B328-5578B625C796}.Release|Any CPU.Build.0 = Release|Any CPU
	EndGlobalSection
	GlobalSection(SolutionProperties) = preSolution
		HideSolutionNode = FALSE
	EndGlobalSection
	GlobalSection(ExtensibilityGlobals) = postSolution
		SolutionGuid = {F6AD7DA4-2C5D-4572-A929-397394E3FF44}
	EndGlobalSection
EndGlobal
